{
  "requires": true,
  "lockfileVersion": 1,
  "dependencies": {
    "fgil-palindrome": {
      "version": "0.2.1",
      "resolved": "https://registry.npmjs.org/fgil-palindrome/-/fgil-palindrome-0.2.1.tgz",
      "integrity": "sha512-9piupNhLUwmCokSER8lOOUFn1H43UacKC3ajPzNDBIzGgLmURkwTOGAoa61vDA+z8w4LL2bh5ch1F5mvPmowpA=="
    }
  }
}
