{
  "requires": true,
  "lockfileVersion": 1,
  "dependencies": {
    "fgil-palindrome": {
      "version": "0.1.0",
      "resolved": "https://registry.npmjs.org/fgil-palindrome/-/fgil-palindrome-0.1.0.tgz",
      "integrity": "sha512-2oUwm/nT0p4qcm8w/GQLzchoDsezwGNZbQ6R+LZ0boeKbQTiLCn9KFv8J/DRqGN2+vic14KrTglGyIrveyaZbw=="
    }
  }
}
